// !$*UTF8*$!
{
	archiveVersion = 1;
	classes = {
	};
	objectVersion = 46;
	objects = {

/* Begin PBXBuildFile section */
		BF3910AF1CF366F400509D1D /* stdafx.cpp in Sources */ = {isa = PBXBuildFile; fileRef = BF3910AE1CF366F400509D1D /* stdafx.cpp */; };
		BF3910B11CF3671C00509D1D /* Capture.cpp in Sources */ = {isa = PBXBuildFile; fileRef = BF3910B01CF3671C00509D1D /* Capture.cpp */; };
		BFD45B971A8C23FC0029FB56 /* libopencv_core.2.4.10.dylib in Frameworks */ = {isa = PBXBuildFile; fileRef = BFD45B961A8C23FC0029FB56 /* libopencv_core.2.4.10.dylib */; };
		BFD45B991A8C241D0029FB56 /* libopencv_imgproc.2.4.10.dylib in Frameworks */ = {isa = PBXBuildFile; fileRef = BFD45B981A8C241D0029FB56 /* libopencv_imgproc.2.4.10.dylib */; };
		BFD45B9B1A8C24390029FB56 /* libopencv_highgui.2.4.10.dylib in Frameworks */ = {isa = PBXBuildFile; fileRef = BFD45B9A1A8C24390029FB56 /* libopencv_highgui.2.4.10.dylib */; };
/* End PBXBuildFile section */

/* Begin PBXCopyFilesBuildPhase section */
		BFD45B831A8822650029FB56 /* CopyFiles */ = {
			isa = PBXCopyFilesBuildPhase;
			buildActionMask = 2147483647;
			dstPath = /usr/share/man/man1/;
			dstSubfolderSpec = 0;
			files = (
			);
			runOnlyForDeploymentPostprocessing = 1;
		};
/* End PBXCopyFilesBuildPhase section */

/* Begin PBXFileReference section */
		BF3910AE1CF366F400509D1D /* stdafx.cpp */ = {isa = PBXFileReference; lastKnownFileType = sourcecode.cpp.cpp; name = stdafx.cpp; path = FingerCount/stdafx.cpp; sourceTree = "<group>"; };
		BF3910B01CF3671C00509D1D /* Capture.cpp */ = {isa = PBXFileReference; lastKnownFileType = sourcecode.cpp.cpp; name = Capture.cpp; path = ../FingerCount/Capture.cpp; sourceTree = "<group>"; };
		BFD45B851A8822650029FB56 /* FingerCount */ = {isa = PBXFileReference; explicitFileType = "compiled.mach-o.executable"; includeInIndex = 0; path = FingerCount; sourceTree = BUILT_PRODUCTS_DIR; };
		BFD45B8F1A8822880029FB56 /* Capture.cpp */ = {isa = PBXFileReference; fileEncoding = 4; lastKnownFileType = sourcecode.cpp.cpp; path = Capture.cpp; sourceTree = "<group>"; };
		BFD45B901A8822880029FB56 /* ReadMe.txt */ = {isa = PBXFileReference; fileEncoding = 4; lastKnownFileType = text; path = ReadMe.txt; sourceTree = "<group>"; };
		BFD45B911A8822880029FB56 /* stdafx.cpp */ = {isa = PBXFileReference; fileEncoding = 4; lastKnownFileType = sourcecode.cpp.cpp; path = stdafx.cpp; sourceTree = "<group>"; };
		BFD45B921A8822880029FB56 /* stdafx.h */ = {isa = PBXFileReference; fileEncoding = 4; lastKnownFileType = sourcecode.c.h; path = stdafx.h; sourceTree = "<group>"; };
		BFD45B931A8822880029FB56 /* targetver.h */ = {isa = PBXFileReference; fileEncoding = 4; lastKnownFileType = sourcecode.c.h; path = targetver.h; sourceTree = "<group>"; };
		BFD45B961A8C23FC0029FB56 /* libopencv_core.2.4.10.dylib */ = {isa = PBXFileReference; lastKnownFileType = "compiled.mach-o.dylib"; name = libopencv_core.2.4.10.dylib; path = ../../../../usr/local/Cellar/opencv/2.4.10.1/lib/libopencv_core.2.4.10.dylib; sourceTree = "<group>"; };
		BFD45B981A8C241D0029FB56 /* libopencv_imgproc.2.4.10.dylib */ = {isa = PBXFileReference; lastKnownFileType = "compiled.mach-o.dylib"; name = libopencv_imgproc.2.4.10.dylib; path = ../../../../usr/local/Cellar/opencv/2.4.10.1/lib/libopencv_imgproc.2.4.10.dylib; sourceTree = "<group>"; };
		BFD45B9A1A8C24390029FB56 /* libopencv_highgui.2.4.10.dylib */ = {isa = PBXFileReference; lastKnownFileType = "compiled.mach-o.dylib"; name = libopencv_highgui.2.4.10.dylib; path = ../../../../usr/local/Cellar/opencv/2.4.10.1/lib/libopencv_highgui.2.4.10.dylib; sourceTree = "<group>"; };
/* End PBXFileReference section */

/* Begin PBXFrameworksBuildPhase section */
		BFD45B821A8822650029FB56 /* Frameworks */ = {
			isa = PBXFrameworksBuildPhase;
			buildActionMask = 2147483647;
			files = (
				BFD45B9B1A8C24390029FB56 /* libopencv_highgui.2.4.10.dylib in Frameworks */,
				BFD45B991A8C241D0029FB56 /* libopencv_imgproc.2.4.10.dylib in Frameworks */,
				BFD45B971A8C23FC0029FB56 /* libopencv_core.2.4.10.dylib in Frameworks */,
			);
			runOnlyForDeploymentPostprocessing = 0;
		};
/* End PBXFrameworksBuildPhase section */

/* Begin PBXGroup section */
		BFD45B7C1A8822650029FB56 = {
			isa = PBXGroup;
			children = (
				BF3910AE1CF366F400509D1D /* stdafx.cpp */,
				BFD45B9A1A8C24390029FB56 /* libopencv_highgui.2.4.10.dylib */,
				BFD45B981A8C241D0029FB56 /* libopencv_imgproc.2.4.10.dylib */,
				BFD45B961A8C23FC0029FB56 /* libopencv_core.2.4.10.dylib */,
				BFD45B871A8822650029FB56 /* FingerCount */,
				BFD45B861A8822650029FB56 /* Products */,
			);
			sourceTree = "<group>";
		};
		BFD45B861A8822650029FB56 /* Products */ = {
			isa = PBXGroup;
			children = (
				BFD45B851A8822650029FB56 /* FingerCount */,
			);
			name = Products;
			sourceTree = "<group>";
		};
		BFD45B871A8822650029FB56 /* FingerCount */ = {
			isa = PBXGroup;
			children = (
				BFD45B8F1A8822880029FB56 /* Capture.cpp */,
				BF3910B01CF3671C00509D1D /* Capture.cpp */,
				BFD45B901A8822880029FB56 /* ReadMe.txt */,
				BFD45B911A8822880029FB56 /* stdafx.cpp */,
				BFD45B921A8822880029FB56 /* stdafx.h */,
				BFD45B931A8822880029FB56 /* targetver.h */,
			);
			name = FingerCount;
			path = CS440CV;
			sourceTree = "<group>";
		};
/* End PBXGroup section */

/* Begin PBXNativeTarget section */
		BFD45B841A8822650029FB56 /* FingerCount */ = {
			isa = PBXNativeTarget;
			buildConfigurationList = BFD45B8C1A8822650029FB56 /* Build configuration list for PBXNativeTarget "FingerCount" */;
			buildPhases = (
				BFD45B811A8822650029FB56 /* Sources */,
				BFD45B821A8822650029FB56 /* Frameworks */,
				BFD45B831A8822650029FB56 /* CopyFiles */,
			);
			buildRules = (
			);
			dependencies = (
			);
			name = FingerCount;
			productName = CS440CV;
			productReference = BFD45B851A8822650029FB56 /* FingerCount */;
			productType = "com.apple.product-type.tool";
		};
/* End PBXNativeTarget section */

/* Begin PBXProject section */
		BFD45B7D1A8822650029FB56 /* Project object */ = {
			isa = PBXProject;
			attributes = {
				LastUpgradeCheck = 0610;
				ORGANIZATIONNAME = "Daniel Pereira";
				TargetAttributes = {
					BFD45B841A8822650029FB56 = {
						CreatedOnToolsVersion = 6.1.1;
					};
				};
			};
			buildConfigurationList = BFD45B801A8822650029FB56 /* Build configuration list for PBXProject "FingerCount" */;
			compatibilityVersion = "Xcode 3.2";
			developmentRegion = English;
			hasScannedForEncodings = 0;
			knownRegions = (
				en,
			);
			mainGroup = BFD45B7C1A8822650029FB56;
			productRefGroup = BFD45B861A8822650029FB56 /* Products */;
			projectDirPath = "";
			projectRoot = "";
			targets = (
				BFD45B841A8822650029FB56 /* FingerCount */,
			);
		};
/* End PBXProject section */

/* Begin PBXSourcesBuildPhase section */
		BFD45B811A8822650029FB56 /* Sources */ = {
			isa = PBXSourcesBuildPhase;
			buildActionMask = 2147483647;
			files = (
				BF3910B11CF3671C00509D1D /* Capture.cpp in Sources */,
				BF3910AF1CF366F400509D1D /* stdafx.cpp in Sources */,
			);
			runOnlyForDeploymentPostprocessing = 0;
		};
/* End PBXSourcesBuildPhase section */

/* Begin XCBuildConfiguration section */
		BFD45B8A1A8822650029FB56 /* Debug */ = {
			isa = XCBuildConfiguration;
			buildSettings = {
				ALWAYS_SEARCH_USER_PATHS = NO;
				CLANG_CXX_LANGUAGE_STANDARD = "gnu++0x";
				CLANG_CXX_LIBRARY = "libc++";
				CLANG_ENABLE_MODULES = YES;
				CLANG_ENABLE_OBJC_ARC = YES;
				CLANG_WARN_BOOL_CONVERSION = YES;
				CLANG_WARN_CONSTANT_CONVERSION = YES;
				CLANG_WARN_DIRECT_OBJC_ISA_USAGE = YES_ERROR;
				CLANG_WARN_EMPTY_BODY = YES;
				CLANG_WARN_ENUM_CONVERSION = YES;
				CLANG_WARN_INT_CONVERSION = YES;
				CLANG_WARN_OBJC_ROOT_CLASS = YES_ERROR;
				CLANG_WARN_UNREACHABLE_CODE = YES;
				CLANG_WARN__DUPLICATE_METHOD_MATCH = YES;
				COPY_PHASE_STRIP = NO;
				ENABLE_STRICT_OBJC_MSGSEND = YES;
				GCC_C_LANGUAGE_STANDARD = gnu99;
				GCC_DYNAMIC_NO_PIC = NO;
				GCC_OPTIMIZATION_LEVEL = 0;
				GCC_PREPROCESSOR_DEFINITIONS = (
					"DEBUG=1",
					"$(inherited)",
				);
				GCC_SYMBOLS_PRIVATE_EXTERN = NO;
				GCC_WARN_64_TO_32_BIT_CONVERSION = YES;
				GCC_WARN_ABOUT_RETURN_TYPE = YES_ERROR;
				GCC_WARN_UNDECLARED_SELECTOR = YES;
				GCC_WARN_UNINITIALIZED_AUTOS = YES_AGGRESSIVE;
				GCC_WARN_UNUSED_FUNCTION = YES;
				GCC_WARN_UNUSED_VARIABLE = YES;
				MACOSX_DEPLOYMENT_TARGET = 10.10;
				MTL_ENABLE_DEBUG_INFO = YES;
				ONLY_ACTIVE_ARCH = YES;
				SDKROOT = macosx;
			};
			name = Debug;
		};
		BFD45B8B1A8822650029FB56 /* Release */ = {
			isa = XCBuildConfiguration;
			buildSettings = {
				ALWAYS_SEARCH_USER_PATHS = NO;
				CLANG_CXX_LANGUAGE_STANDARD = "gnu++0x";
				CLANG_CXX_LIBRARY = "libc++";
				CLANG_ENABLE_MODULES = YES;
				CLANG_ENABLE_OBJC_ARC = YES;
				CLANG_WARN_BOOL_CONVERSION = YES;
				CLANG_WARN_CONSTANT_CONVERSION = YES;
				CLANG_WARN_DIRECT_OBJC_ISA_USAGE = YES_ERROR;
				CLANG_WARN_EMPTY_BODY = YES;
				CLANG_WARN_ENUM_CONVERSION = YES;
				CLANG_WARN_INT_CONVERSION = YES;
				CLANG_WARN_OBJC_ROOT_CLASS = YES_ERROR;
				CLANG_WARN_UNREACHABLE_CODE = YES;
				CLANG_WARN__DUPLICATE_METHOD_MATCH = YES;
				COPY_PHASE_STRIP = YES;
				DEBUG_INFORMATION_FORMAT = "dwarf-with-dsym";
				ENABLE_NS_ASSERTIONS = NO;
				ENABLE_STRICT_OBJC_MSGSEND = YES;
				GCC_C_LANGUAGE_STANDARD = gnu99;
				GCC_WARN_64_TO_32_BIT_CONVERSION = YES;
				GCC_WARN_ABOUT_RETURN_TYPE = YES_ERROR;
				GCC_WARN_UNDECLARED_SELECTOR = YES;
				GCC_WARN_UNINITIALIZED_AUTOS = YES_AGGRESSIVE;
				GCC_WARN_UNUSED_FUNCTION = YES;
				GCC_WARN_UNUSED_VARIABLE = YES;
				MACOSX_DEPLOYMENT_TARGET = 10.10;
				MTL_ENABLE_DEBUG_INFO = NO;
				SDKROOT = macosx;
			};
			name = Release;
		};
		BFD45B8D1A8822650029FB56 /* Debug */ = {
			isa = XCBuildConfiguration;
			buildSettings = {
				HEADER_SEARCH_PATHS = (
					"<Multiple",
					"values>",
					/usr/local/include,
					/usr/local/lib,
				);
				"HEADER_SEARCH_PATHS[arch=*]" = (
					"$(inherited)",
					/Applications/Xcode.app/Contents/Developer/Toolchains/XcodeDefault.xctoolchain/usr/include,
				);
				LIBRARY_SEARCH_PATHS = (
					/usr/local/Cellar/opencv/2.4.10.1/lib,
					"$(inherited)",
					/usr/local/lib,
					/usr/local/include,
				);
				PRODUCT_NAME = FingerCount;
			};
			name = Debug;
		};
		BFD45B8E1A8822650029FB56 /* Release */ = {
			isa = XCBuildConfiguration;
			buildSettings = {
				HEADER_SEARCH_PATHS = (
					"<Multiple",
					"values>",
					"\\usr\\local\\include",
					"\\usr\\local\\lib",
				);
				LIBRARY_SEARCH_PATHS = (
					/usr/local/Cellar/opencv/2.4.10.1/lib,
					"$(inherited)",
					/usr/local/lib,
					/usr/local/include,
				);
				PRODUCT_NAME = FingerCount;
			};
			name = Release;
		};
/* End XCBuildConfiguration section */

/* Begin XCConfigurationList section */
		BFD45B801A8822650029FB56 /* Build configuration list for PBXProject "FingerCount" */ = {
			isa = XCConfigurationList;
			buildConfigurations = (
				BFD45B8A1A8822650029FB56 /* Debug */,
				BFD45B8B1A8822650029FB56 /* Release */,
			);
			defaultConfigurationIsVisible = 0;
			defaultConfigurationName = Release;
		};
		BFD45B8C1A8822650029FB56 /* Build configuration list for PBXNativeTarget "FingerCount" */ = {
			isa = XCConfigurationList;
			buildConfigurations = (
				BFD45B8D1A8822650029FB56 /* Debug */,
				BFD45B8E1A8822650029FB56 /* Release */,
			);
			defaultConfigurationIsVisible = 0;
			defaultConfigurationName = Release;
		};
/* End XCConfigurationList section */
	};
	rootObject = BFD45B7D1A8822650029FB56 /* Project object */;
}
